
Microsoft Visual Studio Solution File, Format Version 12.00
# Visual Studio 14
VisualStudioVersion = 14.0.23107.0
MinimumVisualStudioVersion = 10.0.40219.1
Project("{FAE04EC0-301F-11D3-BF4B-00C04F79EFBC}") = "BackTestingPlatform", "BackTestingPlatform\BackTestingPlatform.csproj", "{830FE9E4-2D61-42ED-9104-9CB26CA72D73}"
EndProject
Project("{FAE04EC0-301F-11D3-BF4B-00C04F79EFBC}") = "BackTestingPlatform.Test", "BackTestingPlatformTest\BackTestingPlatform.Test.csproj", "{236EF379-B062-4C69-A12C-841344889E0C}"
EndProject
Project("{FAE04EC0-301F-11D3-BF4B-00C04F79EFBC}") = "LocalTester", "LocalTester\LocalTester.csproj", "{5C6D52ED-1A05-432E-ACFF-AE7DBD4BDC50}"
EndProject
Global
	GlobalSection(SolutionConfigurationPlatforms) = preSolution
		Debug|Any CPU = Debug|Any CPU
		Release|Any CPU = Release|Any CPU
	EndGlobalSection
	GlobalSection(ProjectConfigurationPlatforms) = postSolution
		{830FE9E4-2D61-42ED-9104-9CB26CA72D73}.Debug|Any CPU.ActiveCfg = Debug|Any CPU
		{830FE9E4-2D61-42ED-9104-9CB26CA72D73}.Debug|Any CPU.Build.0 = Debug|Any CPU
		{830FE9E4-2D61-42ED-9104-9CB26CA72D73}.Release|Any CPU.ActiveCfg = Release|Any CPU
		{830FE9E4-2D61-42ED-9104-9CB26CA72D73}.Release|Any CPU.Build.0 = Release|Any CPU
		{236EF379-B062-4C69-A12C-841344889E0C}.Debug|Any CPU.ActiveCfg = Debug|Any CPU
		{236EF379-B062-4C69-A12C-841344889E0C}.Debug|Any CPU.Build.0 = Debug|Any CPU
		{236EF379-B062-4C69-A12C-841344889E0C}.Release|Any CPU.ActiveCfg = Release|Any CPU
		{236EF379-B062-4C69-A12C-841344889E0C}.Release|Any CPU.Build.0 = Release|Any CPU
		{5C6D52ED-1A05-432E-ACFF-AE7DBD4BDC50}.Debug|Any CPU.ActiveCfg = Debug|Any CPU
		{5C6D52ED-1A05-432E-ACFF-AE7DBD4BDC50}.Debug|Any CPU.Build.0 = Debug|Any CPU
		{5C6D52ED-1A05-432E-ACFF-AE7DBD4BDC50}.Release|Any CPU.ActiveCfg = Release|Any CPU
		{5C6D52ED-1A05-432E-ACFF-AE7DBD4BDC50}.Release|Any CPU.Build.0 = Release|Any CPU
	EndGlobalSection
	GlobalSection(SolutionProperties) = preSolution
		HideSolutionNode = FALSE
	EndGlobalSection
EndGlobal
